
Microsoft Visual Studio Solution File, Format Version 12.00
# Visual Studio Version 17
VisualStudioVersion = 17.7.34018.315
MinimumVisualStudioVersion = 10.0.40219.1
Project("{9A19103F-16F7-4668-BE54-9A1E7A4F7556}") = "Basic", "Basic\Basic.csproj", "{0989C280-4BB1-4B90-A472-C99F40F4B8BB}"
EndProject
Project("{9A19103F-16F7-4668-BE54-9A1E7A4F7556}") = "Event", "Event\Event.csproj", "{231C4016-CE04-488D-AD64-8B47AC1A5E45}"
EndProject
Project("{9A19103F-16F7-4668-BE54-9A1E7A4F7556}") = "Chaining", "Chaining\Chaining.csproj", "{B0769BB0-3C76-4B57-8CD1-32B2EA452100}"
EndProject
Project("{FAE04EC0-301F-11D3-BF4B-00C04F79EFBC}") = "BuiltInDel", "BuiltInDel\BuiltInDel.csproj", "{216E4118-241F-4300-8834-F1E1CC7A9235}"
EndProject
Project("{FAE04EC0-301F-11D3-BF4B-00C04F79EFBC}") = "Query", "Query\Query.csproj", "{0EE97363-19DC-43CA-8CA7-203F1C41A7A3}"
EndProject
Global
	GlobalSection(SolutionConfigurationPlatforms) = preSolution
		Debug|Any CPU = Debug|Any CPU
		Release|Any CPU = Release|Any CPU
	EndGlobalSection
	GlobalSection(ProjectConfigurationPlatforms) = postSolution
		{0989C280-4BB1-4B90-A472-C99F40F4B8BB}.Debug|Any CPU.ActiveCfg = Debug|Any CPU
		{0989C280-4BB1-4B90-A472-C99F40F4B8BB}.Debug|Any CPU.Build.0 = Debug|Any CPU
		{0989C280-4BB1-4B90-A472-C99F40F4B8BB}.Release|Any CPU.ActiveCfg = Release|Any CPU
		{0989C280-4BB1-4B90-A472-C99F40F4B8BB}.Release|Any CPU.Build.0 = Release|Any CPU
		{231C4016-CE04-488D-AD64-8B47AC1A5E45}.Debug|Any CPU.ActiveCfg = Debug|Any CPU
		{231C4016-CE04-488D-AD64-8B47AC1A5E45}.Debug|Any CPU.Build.0 = Debug|Any CPU
		{231C4016-CE04-488D-AD64-8B47AC1A5E45}.Release|Any CPU.ActiveCfg = Release|Any CPU
		{231C4016-CE04-488D-AD64-8B47AC1A5E45}.Release|Any CPU.Build.0 = Release|Any CPU
		{B0769BB0-3C76-4B57-8CD1-32B2EA452100}.Debug|Any CPU.ActiveCfg = Debug|Any CPU
		{B0769BB0-3C76-4B57-8CD1-32B2EA452100}.Debug|Any CPU.Build.0 = Debug|Any CPU
		{B0769BB0-3C76-4B57-8CD1-32B2EA452100}.Release|Any CPU.ActiveCfg = Release|Any CPU
		{B0769BB0-3C76-4B57-8CD1-32B2EA452100}.Release|Any CPU.Build.0 = Release|Any CPU
		{216E4118-241F-4300-8834-F1E1CC7A9235}.Debug|Any CPU.ActiveCfg = Debug|Any CPU
		{216E4118-241F-4300-8834-F1E1CC7A9235}.Debug|Any CPU.Build.0 = Debug|Any CPU
		{216E4118-241F-4300-8834-F1E1CC7A9235}.Release|Any CPU.ActiveCfg = Release|Any CPU
		{216E4118-241F-4300-8834-F1E1CC7A9235}.Release|Any CPU.Build.0 = Release|Any CPU
		{0EE97363-19DC-43CA-8CA7-203F1C41A7A3}.Debug|Any CPU.ActiveCfg = Debug|Any CPU
		{0EE97363-19DC-43CA-8CA7-203F1C41A7A3}.Debug|Any CPU.Build.0 = Debug|Any CPU
		{0EE97363-19DC-43CA-8CA7-203F1C41A7A3}.Release|Any CPU.ActiveCfg = Release|Any CPU
		{0EE97363-19DC-43CA-8CA7-203F1C41A7A3}.Release|Any CPU.Build.0 = Release|Any CPU
	EndGlobalSection
	GlobalSection(SolutionProperties) = preSolution
		HideSolutionNode = FALSE
	EndGlobalSection
	GlobalSection(ExtensibilityGlobals) = postSolution
		SolutionGuid = {F1B4540C-0663-4BEC-BD3D-4EA51D5AF2C2}
	EndGlobalSection
EndGlobal
